{
  "name": "adminer-final",
  "version": "1.0.0",
  "lockfileVersion": 3,
  "requires": true,
  "packages": {
    "": {
      "name": "adminer-final",
      "version": "1.0.0",
      "dependencies": {
        "jose": "^6.0.13"
      }
    },
    "node_modules/jose": {
      "version": "6.0.13",
      "resolved": "https://registry.npmjs.org/jose/-/jose-6.0.13.tgz",
      "integrity": "sha512-Yms4GpbmdANamS51kKK6w4hRlKx8KTxbWyAAKT/MhUMtqbIqh5mb2HjhTNUbk7TFL8/MBB5zWSDohL7ed4k/UA==",
      "funding": {
        "url": "https://github.com/sponsors/panva"
      }
    }
  }
}
